# THIS IS AN AUTOGENERATED FILE. DO NOT EDIT THIS FILE DIRECTLY.
# yarn lockfile v1


"@babel/runtime@^7.11.2":
  version "7.21.5"
  resolved "https://registry.yarnpkg.com/@babel/runtime/-/runtime-7.21.5.tgz#8492dddda9644ae3bda3b45eabe87382caee7200"
  integrity sha512-8jI69toZqqcsnqGGqwGS4Qb1VwLOEp4hz+CXPywcvjs60u3B4Pom/U/7rm4W8tMOYEB+E9wgD0mW1l3r8qlI9Q==
  dependencies:
    regenerator-runtime "^0.13.11"

"@bandprotocol/bandchain.js@^2.1.4":
  version "2.1.4"
  resolved "https://registry.yarnpkg.com/@bandprotocol/bandchain.js/-/bandchain.js-2.1.4.tgz#c8de1bc45f934c699d011f5f582d10894dd3131f"
  integrity sha512-ijQWZXF1P6MizhwVOizaxWYkPCm52WpCoNFLOIBmDmflHelHxMpF4OXhVvdwTWGO3K2XN0pa0wF0oRYysxKbMg==
  dependencies:
    "@improbable-eng/grpc-web" "^0.14.0"
    "@improbable-eng/grpc-web-node-http-transport" "^0.14.0"
    "@ledgerhq/hw-transport-node-hid" "^5.34.0"
    "@ledgerhq/hw-transport-webhid" "^5.34.0"
    "@ledgerhq/hw-transport-webusb" "^5.34.1"
    "@types/google-protobuf" "^3.15.2"
    axios "^0.21.0"
    bech32 "^1.1.4"
    bip32 "^2.0.6"
    bip39 "^3.0.2"
    bitcoinjs-lib "^5.2.0"
    crypto "^1.0.1"
    google-protobuf "^3.17.3"
    ledger-cosmos-js "^2.1.8"
    secp256k1 "^4.0.2"

"@cspotcode/source-map-support@^0.8.0":
  version "0.8.1"
  resolved "https://registry.yarnpkg.com/@cspotcode/source-map-support/-/source-map-support-0.8.1.tgz#00629c35a688e05a88b1cda684fb9d5e73f000a1"
  integrity sha512-IchNf6dN4tHoMFIn/7OE8LWZ19Y6q/67Bmf6vnGREv8RSbBVb9LPJxEcnwrcwX6ixSvaiGoomAUvu4YSxXrVgw==
  dependencies:
    "@jridgewell/trace-mapping" "0.3.9"

"@improbable-eng/grpc-web-node-http-transport@^0.14.0":
  version "0.14.1"
  resolved "https://registry.yarnpkg.com/@improbable-eng/grpc-web-node-http-transport/-/grpc-web-node-http-transport-0.14.1.tgz#16c078db2e10aca9a8f7fb235a80b2fa447273a3"
  integrity sha512-ZsCTzI1iKUbmQjB5DNZSI5/hvdliuaPpS2h8mVj1QzynL3IFb5NrNnHVHbfcH1wbm26Ka6Z1CrKFGvKLrmbFIg==

"@improbable-eng/grpc-web@^0.14.0":
  version "0.14.1"
  resolved "https://registry.yarnpkg.com/@improbable-eng/grpc-web/-/grpc-web-0.14.1.tgz#f4662f64dc89c0f956a94bb8a3b576556c74589c"
  integrity sha512-XaIYuunepPxoiGVLLHmlnVminUGzBTnXr8Wv7khzmLWbNw4TCwJKX09GSMJlKhu/TRk6gms0ySFxewaETSBqgw==
  dependencies:
    browser-headers "^0.4.1"

"@jridgewell/resolve-uri@^3.0.3":
  version "3.1.1"
  resolved "https://registry.yarnpkg.com/@jridgewell/resolve-uri/-/resolve-uri-3.1.1.tgz#c08679063f279615a3326583ba3a90d1d82cc721"
  integrity sha512-dSYZh7HhCDtCKm4QakX0xFpsRDqjjtZf/kjI/v3T3Nwt5r8/qz/M19F9ySyOqU94SXBmeG9ttTul+YnR4LOxFA==

"@jridgewell/sourcemap-codec@^1.4.10":
  version "1.4.15"
  resolved "https://registry.yarnpkg.com/@jridgewell/sourcemap-codec/-/sourcemap-codec-1.4.15.tgz#d7c6e6755c78567a951e04ab52ef0fd26de59f32"
  integrity sha512-eF2rxCRulEKXHTRiDrDy6erMYWqNw4LPdQ8UQA4huuxaQsVeRPFl2oM8oDGxMFhJUWZf9McpLtJasDDZb/Bpeg==

"@jridgewell/trace-mapping@0.3.9":
  version "0.3.9"
  resolved "https://registry.yarnpkg.com/@jridgewell/trace-mapping/-/trace-mapping-0.3.9.tgz#6534fd5933a53ba7cbf3a17615e273a0d1273ff9"
  integrity sha512-3Belt6tdc8bPgAtbcmdtNJlirVoTmEb5e2gC94PnkwEW9jI6CAHUeoG85tjWP5WquqfavoMtMwiG4P926ZKKuQ==
  dependencies:
    "@jridgewell/resolve-uri" "^3.0.3"
    "@jridgewell/sourcemap-codec" "^1.4.10"

"@ledgerhq/devices@^5.51.1":
  version "5.51.1"
  resolved "https://registry.yarnpkg.com/@ledgerhq/devices/-/devices-5.51.1.tgz#d741a4a5d8f17c2f9d282fd27147e6fe1999edb7"
  integrity sha512-4w+P0VkbjzEXC7kv8T1GJ/9AVaP9I6uasMZ/JcdwZBS3qwvKo5A5z9uGhP5c7TvItzcmPb44b5Mw2kT+WjUuAA==
  dependencies:
    "@ledgerhq/errors" "^5.50.0"
    "@ledgerhq/logs" "^5.50.0"
    rxjs "6"
    semver "^7.3.5"

"@ledgerhq/errors@^5.50.0":
  version "5.50.0"
  resolved "https://registry.yarnpkg.com/@ledgerhq/errors/-/errors-5.50.0.tgz#e3a6834cb8c19346efca214c1af84ed28e69dad9"
  integrity sha512-gu6aJ/BHuRlpU7kgVpy2vcYk6atjB4iauP2ymF7Gk0ez0Y/6VSMVSJvubeEQN+IV60+OBK0JgeIZG7OiHaw8ow==

"@ledgerhq/hw-transport-node-hid-noevents@^5.51.1":
  version "5.51.1"
  resolved "https://registry.yarnpkg.com/@ledgerhq/hw-transport-node-hid-noevents/-/hw-transport-node-hid-noevents-5.51.1.tgz#71f37f812e448178ad0bcc2258982150d211c1ab"
  integrity sha512-9wFf1L8ZQplF7XOY2sQGEeOhpmBRzrn+4X43kghZ7FBDoltrcK+s/D7S+7ffg3j2OySyP6vIIIgloXylao5Scg==
  dependencies:
    "@ledgerhq/devices" "^5.51.1"
    "@ledgerhq/errors" "^5.50.0"
    "@ledgerhq/hw-transport" "^5.51.1"
    "@ledgerhq/logs" "^5.50.0"
    node-hid "2.1.1"

"@ledgerhq/hw-transport-node-hid@^5.34.0":
  version "5.51.1"
  resolved "https://registry.yarnpkg.com/@ledgerhq/hw-transport-node-hid/-/hw-transport-node-hid-5.51.1.tgz#fe8eb81e18929663540698c80905952cdbe542d5"
  integrity sha512-Y2eVCCdhVs2Lfr7N2x2cNb+ogcZ24ZATO4QxaQ7LogjiPwYmzmvuXFn8zFjMSrKUCn9CtbptXcuiu0NkGsjWlw==
  dependencies:
    "@ledgerhq/devices" "^5.51.1"
    "@ledgerhq/errors" "^5.50.0"
    "@ledgerhq/hw-transport" "^5.51.1"
    "@ledgerhq/hw-transport-node-hid-noevents" "^5.51.1"
    "@ledgerhq/logs" "^5.50.0"
    lodash "^4.17.21"
    node-hid "2.1.1"
    usb "^1.7.0"

"@ledgerhq/hw-transport-webhid@^5.34.0":
  version "5.51.1"
  resolved "https://registry.yarnpkg.com/@ledgerhq/hw-transport-webhid/-/hw-transport-webhid-5.51.1.tgz#2050d65ef4ce179e8f43cd7245b811d8f05fdcfc"
  integrity sha512-w/2qSU0vwFY+D/4ucuYRViO7iS3Uuxmj9sI/Iiqkoiax9Xppb0/6H5m3ffKv6iPMmRYbgwCgXorqx4SLLSD8Kg==
  dependencies:
    "@ledgerhq/devices" "^5.51.1"
    "@ledgerhq/errors" "^5.50.0"
    "@ledgerhq/hw-transport" "^5.51.1"
    "@ledgerhq/logs" "^5.50.0"

"@ledgerhq/hw-transport-webusb@^5.34.1":
  version "5.53.1"
  resolved "https://registry.yarnpkg.com/@ledgerhq/hw-transport-webusb/-/hw-transport-webusb-5.53.1.tgz#3df8c401417571e3bcacc378d8aca587214b05ae"
  integrity sha512-A/f+xcrkIAZiJrvPpDvsrjxQX4cI2kbdiunQkwsYmOG3Bp4z89ZnsBiC7YBst4n2/g+QgTg0/KPVtODU5djooQ==
  dependencies:
    "@ledgerhq/devices" "^5.51.1"
    "@ledgerhq/errors" "^5.50.0"
    "@ledgerhq/hw-transport" "^5.51.1"
    "@ledgerhq/logs" "^5.50.0"

"@ledgerhq/hw-transport@^5.25.0", "@ledgerhq/hw-transport@^5.51.1":
  version "5.51.1"
  resolved "https://registry.yarnpkg.com/@ledgerhq/hw-transport/-/hw-transport-5.51.1.tgz#8dd14a8e58cbee4df0c29eaeef983a79f5f22578"
  integrity sha512-6wDYdbWrw9VwHIcoDnqWBaDFyviyjZWv6H9vz9Vyhe4Qd7TIFmbTl/eWs6hZvtZBza9K8y7zD8ChHwRI4s9tSw==
  dependencies:
    "@ledgerhq/devices" "^5.51.1"
    "@ledgerhq/errors" "^5.50.0"
    events "^3.3.0"

"@ledgerhq/logs@^5.50.0":
  version "5.50.0"
  resolved "https://registry.yarnpkg.com/@ledgerhq/logs/-/logs-5.50.0.tgz#29c6419e8379d496ab6d0426eadf3c4d100cd186"
  integrity sha512-swKHYCOZUGyVt4ge0u8a7AwNcA//h4nx5wIi0sruGye1IJ5Cva0GyK9L2/WdX+kWVTKp92ZiEo1df31lrWGPgA==

"@noble/hashes@^1.2.0":
  version "1.3.0"
  resolved "https://registry.yarnpkg.com/@noble/hashes/-/hashes-1.3.0.tgz#085fd70f6d7d9d109671090ccae1d3bec62554a1"
  integrity sha512-ilHEACi9DwqJB0pw7kv+Apvh50jiiSyR/cQ3y4W7lOR5mhvn/50FLUfsnfJz0BDZtl/RR16kXvptiv6q1msYZg==

"@tsconfig/node10@^1.0.7":
  version "1.0.9"
  resolved "https://registry.yarnpkg.com/@tsconfig/node10/-/node10-1.0.9.tgz#df4907fc07a886922637b15e02d4cebc4c0021b2"
  integrity sha512-jNsYVVxU8v5g43Erja32laIDHXeoNvFEpX33OK4d6hljo3jDhCBDhx5dhCCTMWUojscpAagGiRkBKxpdl9fxqA==

"@tsconfig/node12@^1.0.7":
  version "1.0.11"
  resolved "https://registry.yarnpkg.com/@tsconfig/node12/-/node12-1.0.11.tgz#ee3def1f27d9ed66dac6e46a295cffb0152e058d"
  integrity sha512-cqefuRsh12pWyGsIoBKJA9luFu3mRxCA+ORZvA4ktLSzIuCUtWVxGIuXigEwO5/ywWFMZ2QEGKWvkZG1zDMTag==

"@tsconfig/node14@^1.0.0":
  version "1.0.3"
  resolved "https://registry.yarnpkg.com/@tsconfig/node14/-/node14-1.0.3.tgz#e4386316284f00b98435bf40f72f75a09dabf6c1"
  integrity sha512-ysT8mhdixWK6Hw3i1V2AeRqZ5WfXg1G43mqoYlM2nc6388Fq5jcXyr5mRsqViLx/GJYdoL0bfXD8nmF+Zn/Iow==

"@tsconfig/node16@^1.0.2":
  version "1.0.3"
  resolved "https://registry.yarnpkg.com/@tsconfig/node16/-/node16-1.0.3.tgz#472eaab5f15c1ffdd7f8628bd4c4f753995ec79e"
  integrity sha512-yOlFc+7UtL/89t2ZhjPvvB/DeAr3r+Dq58IgzsFkOAvVC6NMJXmCGjbptdXdR9qsX7pKcTL+s87FtYREi2dEEQ==

"@types/google-protobuf@^3.15.2":
  version "3.15.6"
  resolved "https://registry.yarnpkg.com/@types/google-protobuf/-/google-protobuf-3.15.6.tgz#674a69493ef2c849b95eafe69167ea59079eb504"
  integrity sha512-pYVNNJ+winC4aek+lZp93sIKxnXt5qMkuKmaqS3WGuTq0Bw1ZDYNBgzG5kkdtwcv+GmYJGo3yEg6z2cKKAiEdw==

"@types/node@10.12.18":
  version "10.12.18"
  resolved "https://registry.yarnpkg.com/@types/node/-/node-10.12.18.tgz#1d3ca764718915584fcd9f6344621b7672665c67"
  integrity sha512-fh+pAqt4xRzPfqA6eh3Z2y6fyZavRIumvjhaCL753+TVkGKGhpPeyrJG2JftD0T9q4GF00KjefsQ+PQNDdWQaQ==

acorn-walk@^8.1.1:
  version "8.2.0"
  resolved "https://registry.yarnpkg.com/acorn-walk/-/acorn-walk-8.2.0.tgz#741210f2e2426454508853a2f44d0ab83b7f69c1"
  integrity sha512-k+iyHEuPgSw6SbuDpGQM+06HQUa04DZ3o+F6CSzXMvvI5KMvnaEqXe+YVe555R9nn6GPt404fos4wcgpw12SDA==

acorn@^8.4.1:
  version "8.8.2"
  resolved "https://registry.yarnpkg.com/acorn/-/acorn-8.8.2.tgz#1b2f25db02af965399b9776b0c2c391276d37c4a"
  integrity sha512-xjIYgE8HBrkpd/sJqOGNspf8uHG+NOHGOw6a/Urj8taM2EXfdNAH2oFcPeIFfsv3+kz/mJrS5VuMqbNLjCa2vw==

ansi-regex@^2.0.0:
  version "2.1.1"
  resolved "https://registry.yarnpkg.com/ansi-regex/-/ansi-regex-2.1.1.tgz#c3b33ab5ee360d86e0e628f0468ae7ef27d654df"
  integrity sha512-TIGnTpdo+E3+pCyAluZvtED5p5wCqLdezCyhPZzKPcxvFplEt4i+W7OONCKgeZFT3+y5NZZfOOS/Bdcanm1MYA==

ansi-regex@^5.0.1:
  version "5.0.1"
  resolved "https://registry.yarnpkg.com/ansi-regex/-/ansi-regex-5.0.1.tgz#082cb2c89c9fe8659a311a53bd6a4dc5301db304"
  integrity sha512-quJQXlTSUGL2LH9SUXo8VwsY4soanhgo6LNSm84E1LBcE8s3O0wpdiRzyR9z/ZZJMlMWv37qOOb9pdJlMUEKFQ==

aproba@^1.0.3:
  version "1.2.0"
  resolved "https://registry.yarnpkg.com/aproba/-/aproba-1.2.0.tgz#6802e6264efd18c790a1b0d517f0f2627bf2c94a"
  integrity sha512-Y9J6ZjXtoYh8RnXVCMOU/ttDmk1aBjunq9vO0ta5x85WDQiQfUF9sIPBITdbiiIVcBo03Hi3jMxigBtsddlXRw==

are-we-there-yet@~1.1.2:
  version "1.1.7"
  resolved "https://registry.yarnpkg.com/are-we-there-yet/-/are-we-there-yet-1.1.7.tgz#b15474a932adab4ff8a50d9adfa7e4e926f21146"
  integrity sha512-nxwy40TuMiUGqMyRHgCSWZ9FM4VAoRP4xUYSTv5ImRog+h9yISPbVH7H8fASCIzYn9wlEv4zvFL7uKDMCFQm3g==
  dependencies:
    delegates "^1.0.0"
    readable-stream "^2.0.6"

arg@^4.1.0:
  version "4.1.3"
  resolved "https://registry.yarnpkg.com/arg/-/arg-4.1.3.tgz#269fc7ad5b8e42cb63c896d5666017261c144089"
  integrity sha512-58S9QDqG0Xx27YwPSt9fJxivjYl432YCwfDMfZ+71RAqUrZef7LrKQZ3LHLOwCS4FLNBplP533Zx895SeOCHvA==

axios@^0.21.0:
  version "0.21.4"
  resolved "https://registry.yarnpkg.com/axios/-/axios-0.21.4.tgz#c67b90dc0568e5c1cf2b0b858c43ba28e2eda575"
  integrity sha512-ut5vewkiu8jjGBdqpM44XxjuCjq9LAKeHVmoVfHVzy8eHgxxq8SbAVQNovDA8mVi05kP0Ea/n/UzcSHcTJQfNg==
  dependencies:
    follow-redirects "^1.14.0"

base-x@^3.0.2:
  version "3.0.9"
  resolved "https://registry.yarnpkg.com/base-x/-/base-x-3.0.9.tgz#6349aaabb58526332de9f60995e548a53fe21320"
  integrity sha512-H7JU6iBHTal1gp56aKoaa//YUxEaAOUiydvrV/pILqIHXTtqxSkATOnDA2u+jZ/61sD+L/412+7kzXRtWukhpQ==
  dependencies:
    safe-buffer "^5.0.1"

base64-js@^1.3.1:
  version "1.5.1"
  resolved "https://registry.yarnpkg.com/base64-js/-/base64-js-1.5.1.tgz#1b1b440160a5bf7ad40b650f095963481903930a"
  integrity sha512-AKpaYlHn8t4SVbOHCy+b5+KKgvR4vrsD8vbvrbiQJps7fKDTkjkDry6ji0rUJjC0kzbNePLwzxq8iypo41qeWA==

bech32@^1.1.2, bech32@^1.1.4:
  version "1.1.4"
  resolved "https://registry.yarnpkg.com/bech32/-/bech32-1.1.4.tgz#e38c9f37bf179b8eb16ae3a772b40c356d4832e9"
  integrity sha512-s0IrSOzLlbvX7yp4WBfPITzpAU8sqQcpsmwXDiKwrG4r491vwCO/XpejasRNl0piBMe/DvP4Tz0mIS/X1DPJBQ==

bindings@^1.3.0, bindings@^1.5.0:
  version "1.5.0"
  resolved "https://registry.yarnpkg.com/bindings/-/bindings-1.5.0.tgz#10353c9e945334bc0511a6d90b38fbc7c9c504df"
  integrity sha512-p2q/t/mhvuOj/UeLlV6566GD/guowlr0hHxClI0W9m7MWYkL1F0hLo+0Aexs9HSPCtR1SXQ0TD3MMKrXZajbiQ==
  dependencies:
    file-uri-to-path "1.0.0"

bip174@^2.0.1:
  version "2.1.0"
  resolved "https://registry.yarnpkg.com/bip174/-/bip174-2.1.0.tgz#cd3402581feaa5116f0f00a0eaee87a5843a2d30"
  integrity sha512-lkc0XyiX9E9KiVAS1ZiOqK1xfiwvf4FXDDdkDq5crcDzOq+xGytY+14qCsqz7kCiy8rpN1CRNfacRhf9G3JNSA==

bip32@^2.0.4, bip32@^2.0.6:
  version "2.0.6"
  resolved "https://registry.yarnpkg.com/bip32/-/bip32-2.0.6.tgz#6a81d9f98c4cd57d05150c60d8f9e75121635134"
  integrity sha512-HpV5OMLLGTjSVblmrtYRfFFKuQB+GArM0+XP8HGWfJ5vxYBqo+DesvJwOdC2WJ3bCkZShGf0QIfoIpeomVzVdA==
  dependencies:
    "@types/node" "10.12.18"
    bs58check "^2.1.1"
    create-hash "^1.2.0"
    create-hmac "^1.1.7"
    tiny-secp256k1 "^1.1.3"
    typeforce "^1.11.5"
    wif "^2.0.6"

bip39@^3.0.2:
  version "3.1.0"
  resolved "https://registry.yarnpkg.com/bip39/-/bip39-3.1.0.tgz#c55a418deaf48826a6ceb34ac55b3ee1577e18a3"
  integrity sha512-c9kiwdk45Do5GL0vJMe7tS95VjCii65mYAH7DfWl3uW8AVzXKQVUm64i3hzVybBDMp9r7j9iNxR85+ul8MdN/A==
  dependencies:
    "@noble/hashes" "^1.2.0"

bip66@^1.1.0:
  version "1.1.5"
  resolved "https://registry.yarnpkg.com/bip66/-/bip66-1.1.5.tgz#01fa8748785ca70955d5011217d1b3139969ca22"
  integrity sha512-nemMHz95EmS38a26XbbdxIYj5csHd3RMP3H5bwQknX0WYHF01qhpufP42mLOwVICuH2JmhIhXiWs89MfUGL7Xw==
  dependencies:
    safe-buffer "^5.0.1"

bitcoin-ops@^1.3.0, bitcoin-ops@^1.4.0:
  version "1.4.1"
  resolved "https://registry.yarnpkg.com/bitcoin-ops/-/bitcoin-ops-1.4.1.tgz#e45de620398e22fd4ca6023de43974ff42240278"
  integrity sha512-pef6gxZFztEhaE9RY9HmWVmiIHqCb2OyS4HPKkpc6CIiiOa3Qmuoylxc5P2EkU3w+5eTSifI9SEZC88idAIGow==

bitcoinjs-lib@^5.2.0:
  version "5.2.0"
  resolved "https://registry.yarnpkg.com/bitcoinjs-lib/-/bitcoinjs-lib-5.2.0.tgz#caf8b5efb04274ded1b67e0706960b93afb9d332"
  integrity sha512-5DcLxGUDejgNBYcieMIUfjORtUeNWl828VWLHJGVKZCb4zIS1oOySTUr0LGmcqJBQgTBz3bGbRQla4FgrdQEIQ==
  dependencies:
    bech32 "^1.1.2"
    bip174 "^2.0.1"
    bip32 "^2.0.4"
    bip66 "^1.1.0"
    bitcoin-ops "^1.4.0"
    bs58check "^2.0.0"
    create-hash "^1.1.0"
    create-hmac "^1.1.3"
    merkle-lib "^2.0.10"
    pushdata-bitcoin "^1.0.1"
    randombytes "^2.0.1"
    tiny-secp256k1 "^1.1.1"
    typeforce "^1.11.3"
    varuint-bitcoin "^1.0.4"
    wif "^2.0.1"

bl@^4.0.3:
  version "4.1.0"
  resolved "https://registry.yarnpkg.com/bl/-/bl-4.1.0.tgz#451535264182bec2fbbc83a62ab98cf11d9f7b3a"
  integrity sha512-1W07cM9gS6DcLperZfFSj+bWLtaPGSOHWhPiGzXmvVJbRLdG82sH/Kn8EtW1VqWVA54AKf2h5k5BbnIbwF3h6w==
  dependencies:
    buffer "^5.5.0"
    inherits "^2.0.4"
    readable-stream "^3.4.0"

bn.js@^4.11.8, bn.js@^4.11.9:
  version "4.12.0"
  resolved "https://registry.yarnpkg.com/bn.js/-/bn.js-4.12.0.tgz#775b3f278efbb9718eec7361f483fb36fbbfea88"
  integrity sha512-c98Bf3tPniI+scsdk237ku1Dc3ujXQTSgyiPUDEOe7tRkhrqridvh8klBv0HCEso1OLOYcHuCv/cS6DNxKH+ZA==

brorand@^1.1.0:
  version "1.1.0"
  resolved "https://registry.yarnpkg.com/brorand/-/brorand-1.1.0.tgz#12c25efe40a45e3c323eb8675a0a0ce57b22371f"
  integrity sha512-cKV8tMCEpQs4hK/ik71d6LrPOnpkpGBR0wzxqr68g2m/LB2GxVYQroAjMJZRVM1Y4BCjCKc3vAamxSzOY2RP+w==

browser-headers@^0.4.1:
  version "0.4.1"
  resolved "https://registry.yarnpkg.com/browser-headers/-/browser-headers-0.4.1.tgz#4308a7ad3b240f4203dbb45acedb38dc2d65dd02"
  integrity sha512-CA9hsySZVo9371qEHjHZtYxV2cFtVj5Wj/ZHi8ooEsrtm4vOnl9Y9HmyYWk9q+05d7K3rdoAE0j3MVEFVvtQtg==

bs58@^4.0.0:
  version "4.0.1"
  resolved "https://registry.yarnpkg.com/bs58/-/bs58-4.0.1.tgz#be161e76c354f6f788ae4071f63f34e8c4f0a42a"
  integrity sha512-Ok3Wdf5vOIlBrgCvTq96gBkJw+JUEzdBgyaza5HLtPm7yTHkjRy8+JzNyHF7BHa0bNWOQIp3m5YF0nnFcOIKLw==
  dependencies:
    base-x "^3.0.2"

bs58check@<3.0.0, bs58check@^2.0.0, bs58check@^2.1.1:
  version "2.1.2"
  resolved "https://registry.yarnpkg.com/bs58check/-/bs58check-2.1.2.tgz#53b018291228d82a5aa08e7d796fdafda54aebfc"
  integrity sha512-0TS1jicxdU09dwJMNZtVAfzPi6Q6QeN0pM1Fkzrjn+XYHvzMKPU3pHVpva+769iNVSfIYWf7LJ6WR+BuuMf8cA==
  dependencies:
    bs58 "^4.0.0"
    create-hash "^1.1.0"
    safe-buffer "^5.1.2"

buffer@^5.5.0:
  version "5.7.1"
  resolved "https://registry.yarnpkg.com/buffer/-/buffer-5.7.1.tgz#ba62e7c13133053582197160851a8f648e99eed0"
  integrity sha512-EHcyIPBQ4BSGlvjB16k5KgAJ27CIsHY/2JBmCRReo48y9rQ3MaUzWX3KVlBa4U7MyX02HdVj0K7C3WaB3ju7FQ==
  dependencies:
    base64-js "^1.3.1"
    ieee754 "^1.1.13"

chownr@^1.1.1:
  version "1.1.4"
  resolved "https://registry.yarnpkg.com/chownr/-/chownr-1.1.4.tgz#6fc9d7b42d32a583596337666e7d08084da2cc6b"
  integrity sha512-jJ0bqzaylmJtVnNgzTeSOs8DPavpbYgEr/b0YL8/2GO3xJEhInFmhKMUnEJQjZumK7KXGFhUy89PrsJWlakBVg==

cipher-base@^1.0.1, cipher-base@^1.0.3:
  version "1.0.4"
  resolved "https://registry.yarnpkg.com/cipher-base/-/cipher-base-1.0.4.tgz#8760e4ecc272f4c363532f926d874aae2c1397de"
  integrity sha512-Kkht5ye6ZGmwv40uUDZztayT2ThLQGfnj/T71N/XzeZeo3nf8foyW7zGTsPYkEya3m5f3cAypH+qe7YOrM1U2Q==
  dependencies:
    inherits "^2.0.1"
    safe-buffer "^5.0.1"

code-point-at@^1.0.0:
  version "1.1.0"
  resolved "https://registry.yarnpkg.com/code-point-at/-/code-point-at-1.1.0.tgz#0d070b4d043a5bea33a2f1a40e2edb3d9a4ccf77"
  integrity sha512-RpAVKQA5T63xEj6/giIbUEtZwJ4UFIc3ZtvEkiaUERylqe8xb5IvqcgOurZLahv93CLKfxcw5YI+DZcUBRyLXA==

console-control-strings@^1.0.0, console-control-strings@~1.1.0:
  version "1.1.0"
  resolved "https://registry.yarnpkg.com/console-control-strings/-/console-control-strings-1.1.0.tgz#3d7cf4464db6446ea644bf4b39507f9851008e8e"
  integrity sha512-ty/fTekppD2fIwRvnZAVdeOiGd1c7YXEixbgJTNzqcxJWKQnjJ/V1bNEEE6hygpM3WjwHFUVK6HTjWSzV4a8sQ==

core-util-is@~1.0.0:
  version "1.0.3"
  resolved "https://registry.yarnpkg.com/core-util-is/-/core-util-is-1.0.3.tgz#a6042d3634c2b27e9328f837b965fac83808db85"
  integrity sha512-ZQBvi1DcpJ4GDqanjucZ2Hj3wEO5pZDS89BWbkcrvdxksJorwUDDZamX9ldFkp9aw2lmBDLgkObEA4DWNJ9FYQ==

create-hash@^1.1.0, create-hash@^1.2.0:
  version "1.2.0"
  resolved "https://registry.yarnpkg.com/create-hash/-/create-hash-1.2.0.tgz#889078af11a63756bcfb59bd221996be3a9ef196"
  integrity sha512-z00bCGNHDG8mHAkP7CtT1qVu+bFQUPjYq/4Iv3C3kWjTFV10zIjfSoeqXo9Asws8gwSHDGj/hl2u4OGIjapeCg==
  dependencies:
    cipher-base "^1.0.1"
    inherits "^2.0.1"
    md5.js "^1.3.4"
    ripemd160 "^2.0.1"
    sha.js "^2.4.0"

create-hmac@^1.1.3, create-hmac@^1.1.7:
  version "1.1.7"
  resolved "https://registry.yarnpkg.com/create-hmac/-/create-hmac-1.1.7.tgz#69170c78b3ab957147b2b8b04572e47ead2243ff"
  integrity sha512-MJG9liiZ+ogc4TzUwuvbER1JRdgvUFSB5+VR/g5h82fGaIRWMWddtKBHi7/sVhfjQZ6SehlyhvQYrcYkaUIpLg==
  dependencies:
    cipher-base "^1.0.3"
    create-hash "^1.1.0"
    inherits "^2.0.1"
    ripemd160 "^2.0.0"
    safe-buffer "^5.0.1"
    sha.js "^2.4.8"

create-require@^1.1.0:
  version "1.1.1"
  resolved "https://registry.yarnpkg.com/create-require/-/create-require-1.1.1.tgz#c1d7e8f1e5f6cfc9ff65f9cd352d37348756c333"
  integrity sha512-dcKFX3jn0MpIaXjisoRvexIJVEKzaq7z2rZKxf+MSr9TkdmHmsU4m2lcLojrj/FHl8mk5VxMmYA+ftRkP/3oKQ==

crypto@^1.0.1:
  version "1.0.1"
  resolved "https://registry.yarnpkg.com/crypto/-/crypto-1.0.1.tgz#2af1b7cad8175d24c8a1b0778255794a21803037"
  integrity sha512-VxBKmeNcqQdiUQUW2Tzq0t377b54N2bMtXO/qiLa+6eRRmmC4qT3D4OnTGoT/U6O9aklQ/jTwbOtRMTTY8G0Ig==

decompress-response@^4.2.0:
  version "4.2.1"
  resolved "https://registry.yarnpkg.com/decompress-response/-/decompress-response-4.2.1.tgz#414023cc7a302da25ce2ec82d0d5238ccafd8986"
  integrity sha512-jOSne2qbyE+/r8G1VU+G/82LBs2Fs4LAsTiLSHOCOMZQl2OKZ6i8i4IyHemTe+/yIXOtTcRQMzPcgyhoFlqPkw==
  dependencies:
    mimic-response "^2.0.0"

deep-extend@^0.6.0:
  version "0.6.0"
  resolved "https://registry.yarnpkg.com/deep-extend/-/deep-extend-0.6.0.tgz#c4fa7c95404a17a9c3e8ca7e1537312b736330ac"
  integrity sha512-LOHxIOaPYdHlJRtCQfDIVZtfw/ufM8+rVj649RIHzcm/vGwQRXFt6OPqIFWsm2XEMrNIEtWR64sY1LEKD2vAOA==

delegates@^1.0.0:
  version "1.0.0"
  resolved "https://registry.yarnpkg.com/delegates/-/delegates-1.0.0.tgz#84c6e159b81904fdca59a0ef44cd870d31250f9a"
  integrity sha512-bd2L678uiWATM6m5Z1VzNCErI3jiGzt6HGY8OVICs40JQq/HALfbyNJmp0UDakEY4pMMaN0Ly5om/B1VI/+xfQ==

detect-libc@^1.0.3:
  version "1.0.3"
  resolved "https://registry.yarnpkg.com/detect-libc/-/detect-libc-1.0.3.tgz#fa137c4bd698edf55cd5cd02ac559f91a4c4ba9b"
  integrity sha512-pGjwhsmsp4kL2RTz08wcOlGN83otlqHeD/Z5T8GXZB+/YcpQ/dgo+lbU8ZsGxV0HIvqqxo9l7mqYwyYMD9bKDg==

diff@^4.0.1:
  version "4.0.2"
  resolved "https://registry.yarnpkg.com/diff/-/diff-4.0.2.tgz#60f3aecb89d5fae520c11aa19efc2bb982aade7d"
  integrity sha512-58lmxKSA4BNyLz+HHMUzlOEpg09FV+ev6ZMe3vJihgdxzgcwZ8VoEEPmALCZG9LmqfVoNMMKpttIYTVG6uDY7A==

elliptic@^6.4.0, elliptic@^6.5.4:
  version "6.5.4"
  resolved "https://registry.yarnpkg.com/elliptic/-/elliptic-6.5.4.tgz#da37cebd31e79a1367e941b592ed1fbebd58abbb"
  integrity sha512-iLhC6ULemrljPZb+QutR5TQGB+pdW6KGD5RSegS+8sorOZT+rdQFbsQFJgvN3eRqNALqJer4oQ16YvJHlU8hzQ==
  dependencies:
    bn.js "^4.11.9"
    brorand "^1.1.0"
    hash.js "^1.0.0"
    hmac-drbg "^1.0.1"
    inherits "^2.0.4"
    minimalistic-assert "^1.0.1"
    minimalistic-crypto-utils "^1.0.1"

emoji-regex@^8.0.0:
  version "8.0.0"
  resolved "https://registry.yarnpkg.com/emoji-regex/-/emoji-regex-8.0.0.tgz#e818fd69ce5ccfcb404594f842963bf53164cc37"
  integrity sha512-MSjYzcWNOA0ewAHpz0MxpYFvwg6yjy1NG3xteoqz644VCo/RPgnr1/GGt+ic3iJTzQ8Eu3TdM14SawnVUmGE6A==

end-of-stream@^1.1.0, end-of-stream@^1.4.1:
  version "1.4.4"
  resolved "https://registry.yarnpkg.com/end-of-stream/-/end-of-stream-1.4.4.tgz#5ae64a5f45057baf3626ec14da0ca5e4b2431eb0"
  integrity sha512-+uw1inIHVPQoaVuHzRyXd21icM+cnt4CzD5rW+NC1wjOUSTOs+Te7FOv7AhN7vS9x/oIyhLP5PR1H+phQAHu5Q==
  dependencies:
    once "^1.4.0"

events@^3.3.0:
  version "3.3.0"
  resolved "https://registry.yarnpkg.com/events/-/events-3.3.0.tgz#31a95ad0a924e2d2c419a813aeb2c4e878ea7400"
  integrity sha512-mQw+2fkQbALzQ7V0MY0IqdnXNOeTtP4r0lN9z7AAawCXgqea7bDii20AYrIBrFd/Hx0M2Ocz6S111CaFkUcb0Q==

expand-template@^2.0.3:
  version "2.0.3"
  resolved "https://registry.yarnpkg.com/expand-template/-/expand-template-2.0.3.tgz#6e14b3fcee0f3a6340ecb57d2e8918692052a47c"
  integrity sha512-XYfuKMvj4O35f/pOXLObndIRvyQ+/+6AhODh+OKWj9S9498pHHn/IMszH+gt0fBCRWMNfk1ZSp5x3AifmnI2vg==

file-uri-to-path@1.0.0:
  version "1.0.0"
  resolved "https://registry.yarnpkg.com/file-uri-to-path/-/file-uri-to-path-1.0.0.tgz#553a7b8446ff6f684359c445f1e37a05dacc33dd"
  integrity sha512-0Zt+s3L7Vf1biwWZ29aARiVYLx7iMGnEUl9x33fbB/j3jR81u/O2LbqK+Bm1CDSNDKVtJ/YjwY7TUd5SkeLQLw==

follow-redirects@^1.14.0:
  version "1.15.2"
  resolved "https://registry.yarnpkg.com/follow-redirects/-/follow-redirects-1.15.2.tgz#b460864144ba63f2681096f274c4e57026da2c13"
  integrity sha512-VQLG33o04KaQ8uYi2tVNbdrWp1QWxNNea+nmIB4EVM28v0hmP17z7aG1+wAkNzVq4KeXTq3221ye5qTJP91JwA==

fs-constants@^1.0.0:
  version "1.0.0"
  resolved "https://registry.yarnpkg.com/fs-constants/-/fs-constants-1.0.0.tgz#6be0de9be998ce16af8afc24497b9ee9b7ccd9ad"
  integrity sha512-y6OAwoSIf7FyjMIv94u+b5rdheZEjzR63GTyZJm5qh4Bi+2YgwLCcI/fPFZkL5PSixOt6ZNKm+w+Hfp/Bciwow==

gauge@~2.7.3:
  version "2.7.4"
  resolved "https://registry.yarnpkg.com/gauge/-/gauge-2.7.4.tgz#2c03405c7538c39d7eb37b317022e325fb018bf7"
  integrity sha512-14x4kjc6lkD3ltw589k0NrPD6cCNTD6CWoVUNpB85+DrtONoZn+Rug6xZU5RvSC4+TZPxA5AnBibQYAvZn41Hg==
  dependencies:
    aproba "^1.0.3"
    console-control-strings "^1.0.0"
    has-unicode "^2.0.0"
    object-assign "^4.1.0"
    signal-exit "^3.0.0"
    string-width "^1.0.1"
    strip-ansi "^3.0.1"
    wide-align "^1.1.0"

github-from-package@0.0.0:
  version "0.0.0"
  resolved "https://registry.yarnpkg.com/github-from-package/-/github-from-package-0.0.0.tgz#97fb5d96bfde8973313f20e8288ef9a167fa64ce"
  integrity sha512-SyHy3T1v2NUXn29OsWdxmK6RwHD+vkj3v8en8AOBZ1wBQ/hCAQ5bAQTD02kW4W9tUp/3Qh6J8r9EvntiyCmOOw==

google-protobuf@^3.17.3:
  version "3.21.2"
  resolved "https://registry.yarnpkg.com/google-protobuf/-/google-protobuf-3.21.2.tgz#4580a2bea8bbb291ee579d1fefb14d6fa3070ea4"
  integrity sha512-3MSOYFO5U9mPGikIYCzK0SaThypfGgS6bHqrUGXG3DPHCrb+txNqeEcns1W0lkGfk0rCyNXm7xB9rMxnCiZOoA==

has-unicode@^2.0.0:
  version "2.0.1"
  resolved "https://registry.yarnpkg.com/has-unicode/-/has-unicode-2.0.1.tgz#e0e6fe6a28cf51138855e086d1691e771de2a8b9"
  integrity sha512-8Rf9Y83NBReMnx0gFzA8JImQACstCYWUplepDa9xprwwtmgEZUF0h/i5xSA625zB/I37EtrswSST6OXxwaaIJQ==

hash-base@^3.0.0:
  version "3.1.0"
  resolved "https://registry.yarnpkg.com/hash-base/-/hash-base-3.1.0.tgz#55c381d9e06e1d2997a883b4a3fddfe7f0d3af33"
  integrity sha512-1nmYp/rhMDiE7AYkDw+lLwlAzz0AntGIe51F3RfFfEqyQ3feY2eI/NcwC6umIQVOASPMsWJLJScWKSSvzL9IVA==
  dependencies:
    inherits "^2.0.4"
    readable-stream "^3.6.0"
    safe-buffer "^5.2.0"

hash.js@^1.0.0, hash.js@^1.0.3:
  version "1.1.7"
  resolved "https://registry.yarnpkg.com/hash.js/-/hash.js-1.1.7.tgz#0babca538e8d4ee4a0f8988d68866537a003cf42"
  integrity sha512-taOaskGt4z4SOANNseOviYDvjEJinIkRgmp7LbKP2YTTmVxWBl87s/uzK9r+44BclBSp2X7K1hqeNfz9JbBeXA==
  dependencies:
    inherits "^2.0.3"
    minimalistic-assert "^1.0.1"

hmac-drbg@^1.0.1:
  version "1.0.1"
  resolved "https://registry.yarnpkg.com/hmac-drbg/-/hmac-drbg-1.0.1.tgz#d2745701025a6c775a6c545793ed502fc0c649a1"
  integrity sha512-Tti3gMqLdZfhOQY1Mzf/AanLiqh1WTiJgEj26ZuYQ9fbkLomzGchCws4FyrSd4VkpBfiNhaE1On+lOz894jvXg==
  dependencies:
    hash.js "^1.0.3"
    minimalistic-assert "^1.0.0"
    minimalistic-crypto-utils "^1.0.1"

ieee754@^1.1.13:
  version "1.2.1"
  resolved "https://registry.yarnpkg.com/ieee754/-/ieee754-1.2.1.tgz#8eb7a10a63fff25d15a57b001586d177d1b0d352"
  integrity sha512-dcyqhDvX1C46lXZcVqCpK+FtMRQVdIMN6/Df5js2zouUsqG7I6sFxitIC+7KYK29KdXOLHdu9zL4sFnoVQnqaA==

inherits@^2.0.1, inherits@^2.0.3, inherits@^2.0.4, inherits@~2.0.3:
  version "2.0.4"
  resolved "https://registry.yarnpkg.com/inherits/-/inherits-2.0.4.tgz#0fa2c64f932917c3433a0ded55363aae37416b7c"
  integrity sha512-k/vGaX4/Yla3WzyMCvTQOXYeIHvqOKtnqBduzTHpzpQZzAskKMhZ2K+EnBiSM9zGSoIFeMpXKxa4dYeZIQqewQ==

ini@~1.3.0:
  version "1.3.8"
  resolved "https://registry.yarnpkg.com/ini/-/ini-1.3.8.tgz#a29da425b48806f34767a4efce397269af28432c"
  integrity sha512-JV/yugV2uzW5iMRSiZAyDtQd+nxtUnjeLt0acNdw98kKLrvuRVyB80tsREOE7yvGVgalhZ6RNXCmEHkUKBKxew==

is-fullwidth-code-point@^1.0.0:
  version "1.0.0"
  resolved "https://registry.yarnpkg.com/is-fullwidth-code-point/-/is-fullwidth-code-point-1.0.0.tgz#ef9e31386f031a7f0d643af82fde50c457ef00cb"
  integrity sha512-1pqUqRjkhPJ9miNq9SwMfdvi6lBJcd6eFxvfaivQhaH3SgisfiuudvFntdKOmxuee/77l+FPjKrQjWvmPjWrRw==
  dependencies:
    number-is-nan "^1.0.0"

is-fullwidth-code-point@^3.0.0:
  version "3.0.0"
  resolved "https://registry.yarnpkg.com/is-fullwidth-code-point/-/is-fullwidth-code-point-3.0.0.tgz#f116f8064fe90b3f7844a38997c0b75051269f1d"
  integrity sha512-zymm5+u+sCsSWyD9qNaejV3DFvhCKclKdizYaJUuHA83RLjb7nSuGnddCHGv0hk+KY7BMAlsWeK4Ueg6EV6XQg==

isarray@~1.0.0:
  version "1.0.0"
  resolved "https://registry.yarnpkg.com/isarray/-/isarray-1.0.0.tgz#bb935d48582cba168c06834957a54a3e07124f11"
  integrity sha512-VLghIWNM6ELQzo7zwmcg0NmTVyWKYjvIeM83yjp0wRDTmUnrM678fQbcKBo6n2CJEF0szoG//ytg+TKla89ALQ==

ledger-cosmos-js@^2.1.8:
  version "2.1.8"
  resolved "https://registry.yarnpkg.com/ledger-cosmos-js/-/ledger-cosmos-js-2.1.8.tgz#b409ecd1e77f630e6fb212a9f602fe5c6e8f054b"
  integrity sha512-Gl7SWMq+3R9OTkF1hLlg5+1geGOmcHX9OdS+INDsGNxSiKRWlsWCvQipGoDnRIQ6CPo2i/Ze58Dw0Mt/l3UYyA==
  dependencies:
    "@babel/runtime" "^7.11.2"
    "@ledgerhq/hw-transport" "^5.25.0"
    bech32 "^1.1.4"
    ripemd160 "^2.0.2"

lodash@^4.17.21:
  version "4.17.21"
  resolved "https://registry.yarnpkg.com/lodash/-/lodash-4.17.21.tgz#679591c564c3bffaae8454cf0b3df370c3d6911c"
  integrity sha512-v2kDEe57lecTulaDIuNTPy3Ry4gLGJ6Z1O3vE1krgXZNrsQ+LFTGHVxVjcXPs17LhbZVGedAJv8XZ1tvj5FvSg==

lru-cache@^6.0.0:
  version "6.0.0"
  resolved "https://registry.yarnpkg.com/lru-cache/-/lru-cache-6.0.0.tgz#6d6fe6570ebd96aaf90fcad1dafa3b2566db3a94"
  integrity sha512-Jo6dJ04CmSjuznwJSS3pUeWmd/H0ffTlkXXgwZi+eq1UCmqQwCh+eLsYOYCwY991i2Fah4h1BEMCx4qThGbsiA==
  dependencies:
    yallist "^4.0.0"

make-error@^1.1.1:
  version "1.3.6"
  resolved "https://registry.yarnpkg.com/make-error/-/make-error-1.3.6.tgz#2eb2e37ea9b67c4891f684a1394799af484cf7a2"
  integrity sha512-s8UhlNe7vPKomQhC1qFelMokr/Sc3AgNbso3n74mVPA5LTZwkB9NlXf4XPamLxJE8h0gh73rM94xvwRT2CVInw==

md5.js@^1.3.4:
  version "1.3.5"
  resolved "https://registry.yarnpkg.com/md5.js/-/md5.js-1.3.5.tgz#b5d07b8e3216e3e27cd728d72f70d1e6a342005f"
  integrity sha512-xitP+WxNPcTTOgnTJcrhM0xvdPepipPSf3I8EIpGKeFLjt3PlJLIDG3u8EX53ZIubkb+5U2+3rELYpEhHhzdkg==
  dependencies:
    hash-base "^3.0.0"
    inherits "^2.0.1"
    safe-buffer "^5.1.2"

merkle-lib@^2.0.10:
  version "2.0.10"
  resolved "https://registry.yarnpkg.com/merkle-lib/-/merkle-lib-2.0.10.tgz#82b8dbae75e27a7785388b73f9d7725d0f6f3326"
  integrity sha512-XrNQvUbn1DL5hKNe46Ccs+Tu3/PYOlrcZILuGUhb95oKBPjc/nmIC8D462PQkipVDGKRvwhn+QFg2cCdIvmDJA==

mimic-response@^2.0.0:
  version "2.1.0"
  resolved "https://registry.yarnpkg.com/mimic-response/-/mimic-response-2.1.0.tgz#d13763d35f613d09ec37ebb30bac0469c0ee8f43"
  integrity sha512-wXqjST+SLt7R009ySCglWBCFpjUygmCIfD790/kVbiGmUgfYGuB14PiTd5DwVxSV4NcYHjzMkoj5LjQZwTQLEA==

minimalistic-assert@^1.0.0, minimalistic-assert@^1.0.1:
  version "1.0.1"
  resolved "https://registry.yarnpkg.com/minimalistic-assert/-/minimalistic-assert-1.0.1.tgz#2e194de044626d4a10e7f7fbc00ce73e83e4d5c7"
  integrity sha512-UtJcAD4yEaGtjPezWuO9wC4nwUnVH/8/Im3yEHQP4b67cXlD/Qr9hdITCU1xDbSEXg2XKNaP8jsReV7vQd00/A==

minimalistic-crypto-utils@^1.0.1:
  version "1.0.1"
  resolved "https://registry.yarnpkg.com/minimalistic-crypto-utils/-/minimalistic-crypto-utils-1.0.1.tgz#f6c00c1c0b082246e5c4d99dfb8c7c083b2b582a"
  integrity sha512-JIYlbt6g8i5jKfJ3xz7rF0LXmv2TkDxBLUkiBeZ7bAx4GnnNMr8xFpGnOxn6GhTEHx3SjRrZEoU+j04prX1ktg==

minimist@^1.2.0, minimist@^1.2.3:
  version "1.2.8"
  resolved "https://registry.yarnpkg.com/minimist/-/minimist-1.2.8.tgz#c1a464e7693302e082a075cee0c057741ac4772c"
  integrity sha512-2yyAR8qBkN3YuheJanUpWC5U3bb5osDywNB8RzDVlDwDHbocAJveqqj1u8+SVD7jkWT4yvsHCpWqqWqAxb0zCA==

mkdirp-classic@^0.5.2, mkdirp-classic@^0.5.3:
  version "0.5.3"
  resolved "https://registry.yarnpkg.com/mkdirp-classic/-/mkdirp-classic-0.5.3.tgz#fa10c9115cc6d8865be221ba47ee9bed78601113"
  integrity sha512-gKLcREMhtuZRwRAfqP3RFW+TK4JqApVBtOIftVgjuABpAtpxhPGaDcfvbhNvD0B8iD1oUr/txX35NjcaY6Ns/A==

nan@^2.13.2:
  version "2.17.0"
  resolved "https://registry.yarnpkg.com/nan/-/nan-2.17.0.tgz#c0150a2368a182f033e9aa5195ec76ea41a199cb"
  integrity sha512-2ZTgtl0nJsO0KQCjEpxcIr5D+Yv90plTitZt9JBfQvVJDS5seMl3FOvsh3+9CoYWXf/1l5OaZzzF6nDm4cagaQ==

napi-build-utils@^1.0.1:
  version "1.0.2"
  resolved "https://registry.yarnpkg.com/napi-build-utils/-/napi-build-utils-1.0.2.tgz#b1fddc0b2c46e380a0b7a76f984dd47c41a13806"
  integrity sha512-ONmRUqK7zj7DWX0D9ADe03wbwOBZxNAfF20PlGfCWQcD3+/MakShIHrMqx9YwPTfxDdF1zLeL+RGZiR9kGMLdg==

node-abi@^2.21.0:
  version "2.30.1"
  resolved "https://registry.yarnpkg.com/node-abi/-/node-abi-2.30.1.tgz#c437d4b1fe0e285aaf290d45b45d4d7afedac4cf"
  integrity sha512-/2D0wOQPgaUWzVSVgRMx+trKJRC2UG4SUc4oCJoXx9Uxjtp0Vy3/kt7zcbxHF8+Z/pK3UloLWzBISg72brfy1w==
  dependencies:
    semver "^5.4.1"

node-addon-api@^2.0.0:
  version "2.0.2"
  resolved "https://registry.yarnpkg.com/node-addon-api/-/node-addon-api-2.0.2.tgz#432cfa82962ce494b132e9d72a15b29f71ff5d32"
  integrity sha512-Ntyt4AIXyaLIuMHF6IOoTakB3K+RWxwtsHNRxllEoA6vPwP9o4866g6YWDLUdnucilZhmkxiHwHr11gAENw+QA==

node-addon-api@^3.0.2:
  version "3.2.1"
  resolved "https://registry.yarnpkg.com/node-addon-api/-/node-addon-api-3.2.1.tgz#81325e0a2117789c0128dab65e7e38f07ceba161"
  integrity sha512-mmcei9JghVNDYydghQmeDX8KoAm0FAiYyIcUt/N4nhyAipB17pllZQDOJD2fotxABnt4Mdz+dKTO7eftLg4d0A==

node-addon-api@^4.2.0:
  version "4.3.0"
  resolved "https://registry.yarnpkg.com/node-addon-api/-/node-addon-api-4.3.0.tgz#52a1a0b475193e0928e98e0426a0d1254782b77f"
  integrity sha512-73sE9+3UaLYYFmDsFZnqCInzPyh3MqIwZO9cw58yIqAZhONrrabrYyYe3TuIqtIiOuTXVhsGau8hcrhhwSsDIQ==

node-gyp-build@^4.2.0, node-gyp-build@^4.3.0:
  version "4.6.0"
  resolved "https://registry.yarnpkg.com/node-gyp-build/-/node-gyp-build-4.6.0.tgz#0c52e4cbf54bbd28b709820ef7b6a3c2d6209055"
  integrity sha512-NTZVKn9IylLwUzaKjkas1e4u2DLNcV4rdYagA4PWdPwW87Bi7z+BznyKSRwS/761tV/lzCGXplWsiaMjLqP2zQ==

node-hid@2.1.1:
  version "2.1.1"
  resolved "https://registry.yarnpkg.com/node-hid/-/node-hid-2.1.1.tgz#f83c8aa0bb4e6758b5f7383542477da93f67359d"
  integrity sha512-Skzhqow7hyLZU93eIPthM9yjot9lszg9xrKxESleEs05V2NcbUptZc5HFqzjOkSmL0sFlZFr3kmvaYebx06wrw==
  dependencies:
    bindings "^1.5.0"
    node-addon-api "^3.0.2"
    prebuild-install "^6.0.0"

npmlog@^4.0.1:
  version "4.1.2"
  resolved "https://registry.yarnpkg.com/npmlog/-/npmlog-4.1.2.tgz#08a7f2a8bf734604779a9efa4ad5cc717abb954b"
  integrity sha512-2uUqazuKlTaSI/dC8AzicUck7+IrEaOnN/e0jd3Xtt1KcGpwx30v50mL7oPyr/h9bL3E4aZccVwpwP+5W9Vjkg==
  dependencies:
    are-we-there-yet "~1.1.2"
    console-control-strings "~1.1.0"
    gauge "~2.7.3"
    set-blocking "~2.0.0"

number-is-nan@^1.0.0:
  version "1.0.1"
  resolved "https://registry.yarnpkg.com/number-is-nan/-/number-is-nan-1.0.1.tgz#097b602b53422a522c1afb8790318336941a011d"
  integrity sha512-4jbtZXNAsfZbAHiiqjLPBiCl16dES1zI4Hpzzxw61Tk+loF+sBDBKx1ICKKKwIqQ7M0mFn1TmkN7euSncWgHiQ==

object-assign@^4.1.0:
  version "4.1.1"
  resolved "https://registry.yarnpkg.com/object-assign/-/object-assign-4.1.1.tgz#2109adc7965887cfc05cbbd442cac8bfbb360863"
  integrity sha512-rJgTQnkUnH1sFw8yT6VSU3zD3sWmu6sZhIseY8VX+GRu3P6F7Fu+JNDoXfklElbLJSnc3FUQHVe4cU5hj+BcUg==

once@^1.3.1, once@^1.4.0:
  version "1.4.0"
  resolved "https://registry.yarnpkg.com/once/-/once-1.4.0.tgz#583b1aa775961d4b113ac17d9c50baef9dd76bd1"
  integrity sha512-lNaJgI+2Q5URQBkccEKHTQOPaXdUxnZZElQTZY0MFUAuaEqe1E+Nyvgdz/aIyNi6Z9MzO5dv1H8n58/GELp3+w==
  dependencies:
    wrappy "1"

prebuild-install@^6.0.0:
  version "6.1.4"
  resolved "https://registry.yarnpkg.com/prebuild-install/-/prebuild-install-6.1.4.tgz#ae3c0142ad611d58570b89af4986088a4937e00f"
  integrity sha512-Z4vpywnK1lBg+zdPCVCsKq0xO66eEV9rWo2zrROGGiRS4JtueBOdlB1FnY8lcy7JsUud/Q3ijUxyWN26Ika0vQ==
  dependencies:
    detect-libc "^1.0.3"
    expand-template "^2.0.3"
    github-from-package "0.0.0"
    minimist "^1.2.3"
    mkdirp-classic "^0.5.3"
    napi-build-utils "^1.0.1"
    node-abi "^2.21.0"
    npmlog "^4.0.1"
    pump "^3.0.0"
    rc "^1.2.7"
    simple-get "^3.0.3"
    tar-fs "^2.0.0"
    tunnel-agent "^0.6.0"

process-nextick-args@~2.0.0:
  version "2.0.1"
  resolved "https://registry.yarnpkg.com/process-nextick-args/-/process-nextick-args-2.0.1.tgz#7820d9b16120cc55ca9ae7792680ae7dba6d7fe2"
  integrity sha512-3ouUOpQhtgrbOa17J7+uxOTpITYWaGP7/AhoR3+A+/1e9skrzelGi/dXzEYyvbxubEF6Wn2ypscTKiKJFFn1ag==

pump@^3.0.0:
  version "3.0.0"
  resolved "https://registry.yarnpkg.com/pump/-/pump-3.0.0.tgz#b4a2116815bde2f4e1ea602354e8c75565107a64"
  integrity sha512-LwZy+p3SFs1Pytd/jYct4wpv49HiYCqd9Rlc5ZVdk0V+8Yzv6jR5Blk3TRmPL1ft69TxP0IMZGJ+WPFU2BFhww==
  dependencies:
    end-of-stream "^1.1.0"
    once "^1.3.1"

pushdata-bitcoin@^1.0.1:
  version "1.0.1"
  resolved "https://registry.yarnpkg.com/pushdata-bitcoin/-/pushdata-bitcoin-1.0.1.tgz#15931d3cd967ade52206f523aa7331aef7d43af7"
  integrity sha512-hw7rcYTJRAl4olM8Owe8x0fBuJJ+WGbMhQuLWOXEMN3PxPCKQHRkhfL+XG0+iXUmSHjkMmb3Ba55Mt21cZc9kQ==
  dependencies:
    bitcoin-ops "^1.3.0"

randombytes@^2.0.1:
  version "2.1.0"
  resolved "https://registry.yarnpkg.com/randombytes/-/randombytes-2.1.0.tgz#df6f84372f0270dc65cdf6291349ab7a473d4f2a"
  integrity sha512-vYl3iOX+4CKUWuxGi9Ukhie6fsqXqS9FE2Zaic4tNFD2N2QQaXOMFbuKK4QmDHC0JO6B1Zp41J0LpT0oR68amQ==
  dependencies:
    safe-buffer "^5.1.0"

rc@^1.2.7:
  version "1.2.8"
  resolved "https://registry.yarnpkg.com/rc/-/rc-1.2.8.tgz#cd924bf5200a075b83c188cd6b9e211b7fc0d3ed"
  integrity sha512-y3bGgqKj3QBdxLbLkomlohkvsA8gdAiUQlSBJnBhfn+BPxg4bc62d8TcBW15wavDfgexCgccckhcZvywyQYPOw==
  dependencies:
    deep-extend "^0.6.0"
    ini "~1.3.0"
    minimist "^1.2.0"
    strip-json-comments "~2.0.1"

readable-stream@^2.0.6:
  version "2.3.8"
  resolved "https://registry.yarnpkg.com/readable-stream/-/readable-stream-2.3.8.tgz#91125e8042bba1b9887f49345f6277027ce8be9b"
  integrity sha512-8p0AUk4XODgIewSi0l8Epjs+EVnWiK7NoDIEGU0HhE7+ZyY8D1IMY7odu5lRrFXGg71L15KG8QrPmum45RTtdA==
  dependencies:
    core-util-is "~1.0.0"
    inherits "~2.0.3"
    isarray "~1.0.0"
    process-nextick-args "~2.0.0"
    safe-buffer "~5.1.1"
    string_decoder "~1.1.1"
    util-deprecate "~1.0.1"

readable-stream@^3.1.1, readable-stream@^3.4.0, readable-stream@^3.6.0:
  version "3.6.2"
  resolved "https://registry.yarnpkg.com/readable-stream/-/readable-stream-3.6.2.tgz#56a9b36ea965c00c5a93ef31eb111a0f11056967"
  integrity sha512-9u/sniCrY3D5WdsERHzHE4G2YCXqoG5FTHUiCC4SIbr6XcLZBY05ya9EKjYek9O5xOAwjGq+1JdGBAS7Q9ScoA==
  dependencies:
    inherits "^2.0.3"
    string_decoder "^1.1.1"
    util-deprecate "^1.0.1"

regenerator-runtime@^0.13.11:
  version "0.13.11"
  resolved "https://registry.yarnpkg.com/regenerator-runtime/-/regenerator-runtime-0.13.11.tgz#f6dca3e7ceec20590d07ada785636a90cdca17f9"
  integrity sha512-kY1AZVr2Ra+t+piVaJ4gxaFaReZVH40AKNo7UCX6W+dEwBo/2oZJzqfuN1qLq1oL45o56cPaTXELwrTh8Fpggg==

ripemd160@^2.0.0, ripemd160@^2.0.1, ripemd160@^2.0.2:
  version "2.0.2"
  resolved "https://registry.yarnpkg.com/ripemd160/-/ripemd160-2.0.2.tgz#a1c1a6f624751577ba5d07914cbc92850585890c"
  integrity sha512-ii4iagi25WusVoiC4B4lq7pbXfAp3D9v5CwfkY33vffw2+pkDjY1D8GaN7spsxvCSx8dkPqOZCEZyfxcmJG2IA==
  dependencies:
    hash-base "^3.0.0"
    inherits "^2.0.1"

rxjs@6:
  version "6.6.7"
  resolved "https://registry.yarnpkg.com/rxjs/-/rxjs-6.6.7.tgz#90ac018acabf491bf65044235d5863c4dab804c9"
  integrity sha512-hTdwr+7yYNIT5n4AMYp85KA6yw2Va0FLa3Rguvbpa4W3I5xynaBZo41cM3XM+4Q6fRMj3sBYIR1VAmZMXYJvRQ==
  dependencies:
    tslib "^1.9.0"

safe-buffer@^5.0.1, safe-buffer@^5.1.0, safe-buffer@^5.1.1, safe-buffer@^5.1.2, safe-buffer@^5.2.0, safe-buffer@~5.2.0:
  version "5.2.1"
  resolved "https://registry.yarnpkg.com/safe-buffer/-/safe-buffer-5.2.1.tgz#1eaf9fa9bdb1fdd4ec75f58f9cdb4e6b7827eec6"
  integrity sha512-rp3So07KcdmmKbGvgaNxQSJr7bGVSVk5S9Eq1F+ppbRo70+YeaDxkw5Dd8NPN+GD6bjnYm2VuPuCXmpuYvmCXQ==

safe-buffer@~5.1.0, safe-buffer@~5.1.1:
  version "5.1.2"
  resolved "https://registry.yarnpkg.com/safe-buffer/-/safe-buffer-5.1.2.tgz#991ec69d296e0313747d59bdfd2b745c35f8828d"
  integrity sha512-Gd2UZBJDkXlY7GbJxfsE8/nvKkUEU1G38c1siN6QP6a9PT9MmHB8GnpscSmMJSoF8LOIrt8ud/wPtojys4G6+g==

secp256k1@^4.0.2:
  version "4.0.3"
  resolved "https://registry.yarnpkg.com/secp256k1/-/secp256k1-4.0.3.tgz#c4559ecd1b8d3c1827ed2d1b94190d69ce267303"
  integrity sha512-NLZVf+ROMxwtEj3Xa562qgv2BK5e2WNmXPiOdVIPLgs6lyTzMvBq0aWTYMI5XCP9jZMVKOcqZLw/Wc4vDkuxhA==
  dependencies:
    elliptic "^6.5.4"
    node-addon-api "^2.0.0"
    node-gyp-build "^4.2.0"

semver@^5.4.1:
  version "5.7.1"
  resolved "https://registry.yarnpkg.com/semver/-/semver-5.7.1.tgz#a954f931aeba508d307bbf069eff0c01c96116f7"
  integrity sha512-sauaDf/PZdVgrLTNYHRtpXa1iRiKcaebiKQ1BJdpQlWH2lCvexQdX55snPFyK7QzpudqbCI0qXFfOasHdyNDGQ==

semver@^7.3.5:
  version "7.5.0"
  resolved "https://registry.yarnpkg.com/semver/-/semver-7.5.0.tgz#ed8c5dc8efb6c629c88b23d41dc9bf40c1d96cd0"
  integrity sha512-+XC0AD/R7Q2mPSRuy2Id0+CGTZ98+8f+KvwirxOKIEyid+XSx6HbC63p+O4IndTHuX5Z+JxQ0TghCkO5Cg/2HA==
  dependencies:
    lru-cache "^6.0.0"

set-blocking@~2.0.0:
  version "2.0.0"
  resolved "https://registry.yarnpkg.com/set-blocking/-/set-blocking-2.0.0.tgz#045f9782d011ae9a6803ddd382b24392b3d890f7"
  integrity sha512-KiKBS8AnWGEyLzofFfmvKwpdPzqiy16LvQfK3yv/fVH7Bj13/wl3JSR1J+rfgRE9q7xUJK4qvgS8raSOeLUehw==

sha.js@^2.4.0, sha.js@^2.4.8:
  version "2.4.11"
  resolved "https://registry.yarnpkg.com/sha.js/-/sha.js-2.4.11.tgz#37a5cf0b81ecbc6943de109ba2960d1b26584ae7"
  integrity sha512-QMEp5B7cftE7APOjk5Y6xgrbWu+WkLVQwk8JNjZ8nKRciZaByEW6MubieAiToS7+dwvrjGhH8jRXz3MVd0AYqQ==
  dependencies:
    inherits "^2.0.1"
    safe-buffer "^5.0.1"

signal-exit@^3.0.0:
  version "3.0.7"
  resolved "https://registry.yarnpkg.com/signal-exit/-/signal-exit-3.0.7.tgz#a9a1767f8af84155114eaabd73f99273c8f59ad9"
  integrity sha512-wnD2ZE+l+SPC/uoS0vXeE9L1+0wuaMqKlfz9AMUo38JsyLSBWSFcHR1Rri62LZc12vLr1gb3jl7iwQhgwpAbGQ==

simple-concat@^1.0.0:
  version "1.0.1"
  resolved "https://registry.yarnpkg.com/simple-concat/-/simple-concat-1.0.1.tgz#f46976082ba35c2263f1c8ab5edfe26c41c9552f"
  integrity sha512-cSFtAPtRhljv69IK0hTVZQ+OfE9nePi/rtJmw5UjHeVyVroEqJXP1sFztKUy1qU+xvz3u/sfYJLa947b7nAN2Q==

simple-get@^3.0.3:
  version "3.1.1"
  resolved "https://registry.yarnpkg.com/simple-get/-/simple-get-3.1.1.tgz#cc7ba77cfbe761036fbfce3d021af25fc5584d55"
  integrity sha512-CQ5LTKGfCpvE1K0n2us+kuMPbk/q0EKl82s4aheV9oXjFEz6W/Y7oQFVJuU6QG77hRT4Ghb5RURteF5vnWjupA==
  dependencies:
    decompress-response "^4.2.0"
    once "^1.3.1"
    simple-concat "^1.0.0"

string-width@^1.0.1:
  version "1.0.2"
  resolved "https://registry.yarnpkg.com/string-width/-/string-width-1.0.2.tgz#118bdf5b8cdc51a2a7e70d211e07e2b0b9b107d3"
  integrity sha512-0XsVpQLnVCXHJfyEs8tC0zpTVIr5PKKsQtkT29IwupnPTjtPmQ3xT/4yCREF9hYkV/3M3kzcUTSAZT6a6h81tw==
  dependencies:
    code-point-at "^1.0.0"
    is-fullwidth-code-point "^1.0.0"
    strip-ansi "^3.0.0"

"string-width@^1.0.2 || 2 || 3 || 4":
  version "4.2.3"
  resolved "https://registry.yarnpkg.com/string-width/-/string-width-4.2.3.tgz#269c7117d27b05ad2e536830a8ec895ef9c6d010"
  integrity sha512-wKyQRQpjJ0sIp62ErSZdGsjMJWsap5oRNihHhu6G7JVO/9jIB6UyevL+tXuOqrng8j/cxKTWyWUwvSTriiZz/g==
  dependencies:
    emoji-regex "^8.0.0"
    is-fullwidth-code-point "^3.0.0"
    strip-ansi "^6.0.1"

string_decoder@^1.1.1:
  version "1.3.0"
  resolved "https://registry.yarnpkg.com/string_decoder/-/string_decoder-1.3.0.tgz#42f114594a46cf1a8e30b0a84f56c78c3edac21e"
  integrity sha512-hkRX8U1WjJFd8LsDJ2yQ/wWWxaopEsABU1XfkM8A+j0+85JAGppt16cr1Whg6KIbb4okU6Mql6BOj+uup/wKeA==
  dependencies:
    safe-buffer "~5.2.0"

string_decoder@~1.1.1:
  version "1.1.1"
  resolved "https://registry.yarnpkg.com/string_decoder/-/string_decoder-1.1.1.tgz#9cf1611ba62685d7030ae9e4ba34149c3af03fc8"
  integrity sha512-n/ShnvDi6FHbbVfviro+WojiFzv+s8MPMHBczVePfUpDJLwoLT0ht1l4YwBCbi8pJAveEEdnkHyPyTP/mzRfwg==
  dependencies:
    safe-buffer "~5.1.0"

strip-ansi@^3.0.0, strip-ansi@^3.0.1:
  version "3.0.1"
  resolved "https://registry.yarnpkg.com/strip-ansi/-/strip-ansi-3.0.1.tgz#6a385fb8853d952d5ff05d0e8aaf94278dc63dcf"
  integrity sha512-VhumSSbBqDTP8p2ZLKj40UjBCV4+v8bUSEpUb4KjRgWk9pbqGF4REFj6KEagidb2f/M6AzC0EmFyDNGaw9OCzg==
  dependencies:
    ansi-regex "^2.0.0"

strip-ansi@^6.0.1:
  version "6.0.1"
  resolved "https://registry.yarnpkg.com/strip-ansi/-/strip-ansi-6.0.1.tgz#9e26c63d30f53443e9489495b2105d37b67a85d9"
  integrity sha512-Y38VPSHcqkFrCpFnQ9vuSXmquuv5oXOKpGeT6aGrr3o3Gc9AlVa6JBfUSOCnbxGGZF+/0ooI7KrPuUSztUdU5A==
  dependencies:
    ansi-regex "^5.0.1"

strip-json-comments@~2.0.1:
  version "2.0.1"
  resolved "https://registry.yarnpkg.com/strip-json-comments/-/strip-json-comments-2.0.1.tgz#3c531942e908c2697c0ec344858c286c7ca0a60a"
  integrity sha512-4gB8na07fecVVkOI6Rs4e7T6NOTki5EmL7TUduTs6bu3EdnSycntVJ4re8kgZA+wx9IueI2Y11bfbgwtzuE0KQ==

tar-fs@^2.0.0:
  version "2.1.1"
  resolved "https://registry.yarnpkg.com/tar-fs/-/tar-fs-2.1.1.tgz#489a15ab85f1f0befabb370b7de4f9eb5cbe8784"
  integrity sha512-V0r2Y9scmbDRLCNex/+hYzvp/zyYjvFbHPNgVTKfQvVrb6guiE/fxP+XblDNR011utopbkex2nM4dHNV6GDsng==
  dependencies:
    chownr "^1.1.1"
    mkdirp-classic "^0.5.2"
    pump "^3.0.0"
    tar-stream "^2.1.4"

tar-stream@^2.1.4:
  version "2.2.0"
  resolved "https://registry.yarnpkg.com/tar-stream/-/tar-stream-2.2.0.tgz#acad84c284136b060dc3faa64474aa9aebd77287"
  integrity sha512-ujeqbceABgwMZxEJnk2HDY2DlnUZ+9oEcb1KzTVfYHio0UE6dG71n60d8D2I4qNvleWrrXpmjpt7vZeF1LnMZQ==
  dependencies:
    bl "^4.0.3"
    end-of-stream "^1.4.1"
    fs-constants "^1.0.0"
    inherits "^2.0.3"
    readable-stream "^3.1.1"

tiny-secp256k1@^1.1.1, tiny-secp256k1@^1.1.3:
  version "1.1.6"
  resolved "https://registry.yarnpkg.com/tiny-secp256k1/-/tiny-secp256k1-1.1.6.tgz#7e224d2bee8ab8283f284e40e6b4acb74ffe047c"
  integrity sha512-FmqJZGduTyvsr2cF3375fqGHUovSwDi/QytexX1Se4BPuPZpTE5Ftp5fg+EFSuEf3lhZqgCRjEG3ydUQ/aNiwA==
  dependencies:
    bindings "^1.3.0"
    bn.js "^4.11.8"
    create-hmac "^1.1.7"
    elliptic "^6.4.0"
    nan "^2.13.2"

ts-node@^10.9.1:
  version "10.9.1"
  resolved "https://registry.yarnpkg.com/ts-node/-/ts-node-10.9.1.tgz#e73de9102958af9e1f0b168a6ff320e25adcff4b"
  integrity sha512-NtVysVPkxxrwFGUUxGYhfux8k78pQB3JqYBXlLRZgdGUqTO5wU/UyHop5p70iEbGhB7q5KmiZiU0Y3KlJrScEw==
  dependencies:
    "@cspotcode/source-map-support" "^0.8.0"
    "@tsconfig/node10" "^1.0.7"
    "@tsconfig/node12" "^1.0.7"
    "@tsconfig/node14" "^1.0.0"
    "@tsconfig/node16" "^1.0.2"
    acorn "^8.4.1"
    acorn-walk "^8.1.1"
    arg "^4.1.0"
    create-require "^1.1.0"
    diff "^4.0.1"
    make-error "^1.1.1"
    v8-compile-cache-lib "^3.0.1"
    yn "3.1.1"

tslib@^1.9.0:
  version "1.14.1"
  resolved "https://registry.yarnpkg.com/tslib/-/tslib-1.14.1.tgz#cf2d38bdc34a134bcaf1091c41f6619e2f672d00"
  integrity sha512-Xni35NKzjgMrwevysHTCArtLDpPvye8zV/0E4EyYn43P7/7qvQwPh9BGkHewbMulVntbigmcT7rdX3BNo9wRJg==

tunnel-agent@^0.6.0:
  version "0.6.0"
  resolved "https://registry.yarnpkg.com/tunnel-agent/-/tunnel-agent-0.6.0.tgz#27a5dea06b36b04a0a9966774b290868f0fc40fd"
  integrity sha512-McnNiV1l8RYeY8tBgEpuodCC1mLUdbSN+CYBL7kJsJNInOP8UjDDEwdk6Mw60vdLLrr5NHKZhMAOSrR2NZuQ+w==
  dependencies:
    safe-buffer "^5.0.1"

typeforce@^1.11.3, typeforce@^1.11.5:
  version "1.18.0"
  resolved "https://registry.yarnpkg.com/typeforce/-/typeforce-1.18.0.tgz#d7416a2c5845e085034d70fcc5b6cc4a90edbfdc"
  integrity sha512-7uc1O8h1M1g0rArakJdf0uLRSSgFcYexrVoKo+bzJd32gd4gDy2L/Z+8/FjPnU9ydY3pEnVPtr9FyscYY60K1g==

usb@^1.7.0:
  version "1.9.2"
  resolved "https://registry.yarnpkg.com/usb/-/usb-1.9.2.tgz#fb6b36f744ecc707a196c45a6ec72442cb6f2b73"
  integrity sha512-dryNz030LWBPAf6gj8vyq0Iev3vPbCLHCT8dBw3gQRXRzVNsIdeuU+VjPp3ksmSPkeMAl1k+kQ14Ij0QHyeiAg==
  dependencies:
    node-addon-api "^4.2.0"
    node-gyp-build "^4.3.0"

util-deprecate@^1.0.1, util-deprecate@~1.0.1:
  version "1.0.2"
  resolved "https://registry.yarnpkg.com/util-deprecate/-/util-deprecate-1.0.2.tgz#450d4dc9fa70de732762fbd2d4a28981419a0ccf"
  integrity sha512-EPD5q1uXyFxJpCrLnCc1nHnq3gOa6DZBocAIiI2TaSCA7VCJ1UJDMagCzIkXNsUYfD1daK//LTEQ8xiIbrHtcw==

v8-compile-cache-lib@^3.0.1:
  version "3.0.1"
  resolved "https://registry.yarnpkg.com/v8-compile-cache-lib/-/v8-compile-cache-lib-3.0.1.tgz#6336e8d71965cb3d35a1bbb7868445a7c05264bf"
  integrity sha512-wa7YjyUGfNZngI/vtK0UHAN+lgDCxBPCylVXGp0zu59Fz5aiGtNXaq3DhIov063MorB+VfufLh3JlF2KdTK3xg==

varuint-bitcoin@^1.0.4:
  version "1.1.2"
  resolved "https://registry.yarnpkg.com/varuint-bitcoin/-/varuint-bitcoin-1.1.2.tgz#e76c138249d06138b480d4c5b40ef53693e24e92"
  integrity sha512-4EVb+w4rx+YfVM32HQX42AbbT7/1f5zwAYhIujKXKk8NQK+JfRVl3pqT3hjNn/L+RstigmGGKVwHA/P0wgITZw==
  dependencies:
    safe-buffer "^5.1.1"

wide-align@^1.1.0:
  version "1.1.5"
  resolved "https://registry.yarnpkg.com/wide-align/-/wide-align-1.1.5.tgz#df1d4c206854369ecf3c9a4898f1b23fbd9d15d3"
  integrity sha512-eDMORYaPNZ4sQIuuYPDHdQvf4gyCF9rEEV/yPxGfwPkRodwEgiMUUXTx/dex+Me0wxx53S+NgUHaP7y3MGlDmg==
  dependencies:
    string-width "^1.0.2 || 2 || 3 || 4"

wif@^2.0.1, wif@^2.0.6:
  version "2.0.6"
  resolved "https://registry.yarnpkg.com/wif/-/wif-2.0.6.tgz#08d3f52056c66679299726fade0d432ae74b4704"
  integrity sha512-HIanZn1zmduSF+BQhkE+YXIbEiH0xPr1012QbFEGB0xsKqJii0/SqJjyn8dFv6y36kOznMgMB+LGcbZTJ1xACQ==
  dependencies:
    bs58check "<3.0.0"

wrappy@1:
  version "1.0.2"
  resolved "https://registry.yarnpkg.com/wrappy/-/wrappy-1.0.2.tgz#b5243d8f3ec1aa35f1364605bc0d1036e30ab69f"
  integrity sha512-l4Sp/DRseor9wL6EvV2+TuQn63dMkPjZ/sp9XkghTEbV9KlPS1xUsZ3u7/IQO4wxtcFB4bgpQPRcR3QCvezPcQ==

yallist@^4.0.0:
  version "4.0.0"
  resolved "https://registry.yarnpkg.com/yallist/-/yallist-4.0.0.tgz#9bb92790d9c0effec63be73519e11a35019a3a72"
  integrity sha512-3wdGidZyq5PB084XLES5TpOSRA3wjXAlIWMhum2kRcv/41Sn2emQ0dycQW4uZXLejwKvg6EsvbdlVL+FYEct7A==

yn@3.1.1:
  version "3.1.1"
  resolved "https://registry.yarnpkg.com/yn/-/yn-3.1.1.tgz#1e87401a09d767c1d5eab26a6e4c185182d2eb50"
  integrity sha512-Ux4ygGWsu2c7isFWe8Yu1YluJmqVhxqK2cLXNQA5AcC3QfbGNpM7fu0Y8b/z16pXLnFxZYvWhd3fhBY9DLmC6Q==
